
Microsoft Visual Studio Solution File, Format Version 12.00
# Visual Studio Version 16
VisualStudioVersion = 16.0.30517.126
MinimumVisualStudioVersion = 10.0.40219.1
Project("{9A19103F-16F7-4668-BE54-9A1E7A4F7556}") = "BlazorSchulungServerOkt", "BlazorSchulungServerOkt\BlazorSchulungServerOkt.csproj", "{FD939AE9-E11C-4782-B384-E37E809AA2AE}"
EndProject
Project("{9A19103F-16F7-4668-BE54-9A1E7A4F7556}") = "RazorClassLibrary1", "RazorClassLibrary1\RazorClassLibrary1.csproj", "{565B5683-CB69-4CB4-B6DF-99F643571B09}"
EndProject
Global
	GlobalSection(SolutionConfigurationPlatforms) = preSolution
		Debug|Any CPU = Debug|Any CPU
		Release|Any CPU = Release|Any CPU
	EndGlobalSection
	GlobalSection(ProjectConfigurationPlatforms) = postSolution
		{FD939AE9-E11C-4782-B384-E37E809AA2AE}.Debug|Any CPU.ActiveCfg = Debug|Any CPU
		{FD939AE9-E11C-4782-B384-E37E809AA2AE}.Debug|Any CPU.Build.0 = Debug|Any CPU
		{FD939AE9-E11C-4782-B384-E37E809AA2AE}.Release|Any CPU.ActiveCfg = Release|Any CPU
		{FD939AE9-E11C-4782-B384-E37E809AA2AE}.Release|Any CPU.Build.0 = Release|Any CPU
		{565B5683-CB69-4CB4-B6DF-99F643571B09}.Debug|Any CPU.ActiveCfg = Debug|Any CPU
		{565B5683-CB69-4CB4-B6DF-99F643571B09}.Debug|Any CPU.Build.0 = Debug|Any CPU
		{565B5683-CB69-4CB4-B6DF-99F643571B09}.Release|Any CPU.ActiveCfg = Release|Any CPU
		{565B5683-CB69-4CB4-B6DF-99F643571B09}.Release|Any CPU.Build.0 = Release|Any CPU
	EndGlobalSection
	GlobalSection(SolutionProperties) = preSolution
		HideSolutionNode = FALSE
	EndGlobalSection
	GlobalSection(ExtensibilityGlobals) = postSolution
		SolutionGuid = {18BD0EC6-A7F4-4851-B494-A47B26072F92}
	EndGlobalSection
EndGlobal
